
Microsoft Visual Studio Solution File, Format Version 12.00
# Visual Studio 2010
Project("{FAE04EC0-301F-11D3-BF4B-00C04F79EFBC}") = "XmlProvider", "XmlProvider\XmlProvider.csproj", "{5DCF7BF1-767B-4A40-BE21-93DDF92022D2}"
EndProject
Project("{FAE04EC0-301F-11D3-BF4B-00C04F79EFBC}") = "XmlProvider.Test", "XmlProvider.Test\XmlProvider.Test.csproj", "{D08A632E-AEE6-44DE-8B35-3C0EAA00B313}"
EndProject
Global
	GlobalSection(SolutionConfigurationPlatforms) = preSolution
		Debug|Any CPU = Debug|Any CPU
		Release|Any CPU = Release|Any CPU
	EndGlobalSection
	GlobalSection(ProjectConfigurationPlatforms) = postSolution
		{5DCF7BF1-767B-4A40-BE21-93DDF92022D2}.Debug|Any CPU.ActiveCfg = Debug|Any CPU
		{5DCF7BF1-767B-4A40-BE21-93DDF92022D2}.Debug|Any CPU.Build.0 = Debug|Any CPU
		{5DCF7BF1-767B-4A40-BE21-93DDF92022D2}.Release|Any CPU.ActiveCfg = Release|Any CPU
		{5DCF7BF1-767B-4A40-BE21-93DDF92022D2}.Release|Any CPU.Build.0 = Release|Any CPU
		{D08A632E-AEE6-44DE-8B35-3C0EAA00B313}.Debug|Any CPU.ActiveCfg = Debug|Any CPU
		{D08A632E-AEE6-44DE-8B35-3C0EAA00B313}.Debug|Any CPU.Build.0 = Debug|Any CPU
		{D08A632E-AEE6-44DE-8B35-3C0EAA00B313}.Release|Any CPU.ActiveCfg = Release|Any CPU
		{D08A632E-AEE6-44DE-8B35-3C0EAA00B313}.Release|Any CPU.Build.0 = Release|Any CPU
	EndGlobalSection
	GlobalSection(SolutionProperties) = preSolution
		HideSolutionNode = FALSE
	EndGlobalSection
EndGlobal
